PODS:
  - FLEX (4.4.0)
  - libwebp (1.1.0):
    - libwebp/demux (= 1.1.0)
    - libwebp/mux (= 1.1.0)
    - libwebp/webp (= 1.1.0)
  - libwebp/demux (1.1.0):
    - libwebp/webp
  - libwebp/mux (1.1.0):
    - libwebp/demux
  - libwebp/webp (1.1.0)
  - SDWebImage (4.4.8):
    - SDWebImage/Core (= 4.4.8)
  - SDWebImage/Core (4.4.8)
  - SDWebImage/WebP (4.4.8):
    - libwebp (< 2.0, >= 0.5)
    - SDWebImage/Core

DEPENDENCIES:
  - FLEX (= 4.4.0)
  - SDWebImage (= 4.4.8)
  - SDWebImage/WebP (= 4.4.8)

SPEC REPOS:
  trunk:
    - FLEX
    - libwebp
    - SDWebImage

SPEC CHECKSUMS:
  FLEX: 0592c011c6dfbfdb94a5e24f2d4a9dbff0c6026d
  libwebp: 946cb3063cea9236285f7e9a8505d806d30e07f3
  SDWebImage: 783af2c3fa36291a250030c4752ee370a9a51d13

PODFILE CHECKSUM: 5156086900f861aecc7f35bd7b13c6ebb51636dd

COCOAPODS: 1.10.0
