// !$*UTF8*$!
{
	archiveVersion = 1;
	classes = {
	};
	objectVersion = 50;
	objects = {

/* Begin PBXBuildFile section */
		66606C4C25C31C4A0070D881 /* AppDelegate.swift in Sources */ = {isa = PBXBuildFile; fileRef = 66606C4B25C31C4A0070D881 /* AppDelegate.swift */; };
		66606C5525C31C4B0070D881 /* Assets.xcassets in Resources */ = {isa = PBXBuildFile; fileRef = 66606C5425C31C4B0070D881 /* Assets.xcassets */; };
		66606C5825C31C4B0070D881 /* LaunchScreen.storyboard in Resources */ = {isa = PBXBuildFile; fileRef = 66606C5625C31C4B0070D881 /* LaunchScreen.storyboard */; };
		66606C6F25C31FF40070D881 /* Extension+Codable.swift in Sources */ = {isa = PBXBuildFile; fileRef = 66606C6E25C31FF40070D881 /* Extension+Codable.swift */; };
		66606C7225C3200F0070D881 /* Extension+UIApplication.swift in Sources */ = {isa = PBXBuildFile; fileRef = 66606C7125C3200F0070D881 /* Extension+UIApplication.swift */; };
		66606C7525C320240070D881 /* Extension+UICollectionView.swift in Sources */ = {isa = PBXBuildFile; fileRef = 66606C7425C320240070D881 /* Extension+UICollectionView.swift */; };
		66606C7825C320340070D881 /* Extension+UICollectionViewCell.swift in Sources */ = {isa = PBXBuildFile; fileRef = 66606C7725C320340070D881 /* Extension+UICollectionViewCell.swift */; };
		66606C7B25C3204A0070D881 /* Extension+UIImageView.swift in Sources */ = {isa = PBXBuildFile; fileRef = 66606C7A25C3204A0070D881 /* Extension+UIImageView.swift */; };
		66606C7E25C3205B0070D881 /* Extension+UITableView.swift in Sources */ = {isa = PBXBuildFile; fileRef = 66606C7D25C3205B0070D881 /* Extension+UITableView.swift */; };
		66606C8125C3206A0070D881 /* Extension+UITableViewCell.swift in Sources */ = {isa = PBXBuildFile; fileRef = 66606C8025C3206A0070D881 /* Extension+UITableViewCell.swift */; };
		66606C8425C320770070D881 /* Extension+UIView.swift in Sources */ = {isa = PBXBuildFile; fileRef = 66606C8325C320770070D881 /* Extension+UIView.swift */; };
		66606C8725C320960070D881 /* Extension+UIViewController.swift in Sources */ = {isa = PBXBuildFile; fileRef = 66606C8625C320960070D881 /* Extension+UIViewController.swift */; };
/* End PBXBuildFile section */

/* Begin PBXFileReference section */
		66606C4825C31C4A0070D881 /* Dota 2 Directories.app */ = {isa = PBXFileReference; explicitFileType = wrapper.application; includeInIndex = 0; path = "Dota 2 Directories.app"; sourceTree = BUILT_PRODUCTS_DIR; };
		66606C4B25C31C4A0070D881 /* AppDelegate.swift */ = {isa = PBXFileReference; lastKnownFileType = sourcecode.swift; path = AppDelegate.swift; sourceTree = "<group>"; };
		66606C5425C31C4B0070D881 /* Assets.xcassets */ = {isa = PBXFileReference; lastKnownFileType = folder.assetcatalog; path = Assets.xcassets; sourceTree = "<group>"; };
		66606C5725C31C4B0070D881 /* Base */ = {isa = PBXFileReference; lastKnownFileType = file.storyboard; name = Base; path = Base.lproj/LaunchScreen.storyboard; sourceTree = "<group>"; };
		66606C5925C31C4B0070D881 /* Info.plist */ = {isa = PBXFileReference; lastKnownFileType = text.plist.xml; path = Info.plist; sourceTree = "<group>"; };
		66606C6E25C31FF40070D881 /* Extension+Codable.swift */ = {isa = PBXFileReference; lastKnownFileType = sourcecode.swift; path = "Extension+Codable.swift"; sourceTree = "<group>"; };
		66606C7125C3200F0070D881 /* Extension+UIApplication.swift */ = {isa = PBXFileReference; lastKnownFileType = sourcecode.swift; path = "Extension+UIApplication.swift"; sourceTree = "<group>"; };
		66606C7425C320240070D881 /* Extension+UICollectionView.swift */ = {isa = PBXFileReference; lastKnownFileType = sourcecode.swift; path = "Extension+UICollectionView.swift"; sourceTree = "<group>"; };
		66606C7725C320340070D881 /* Extension+UICollectionViewCell.swift */ = {isa = PBXFileReference; lastKnownFileType = sourcecode.swift; path = "Extension+UICollectionViewCell.swift"; sourceTree = "<group>"; };
		66606C7A25C3204A0070D881 /* Extension+UIImageView.swift */ = {isa = PBXFileReference; lastKnownFileType = sourcecode.swift; path = "Extension+UIImageView.swift"; sourceTree = "<group>"; };
		66606C7D25C3205B0070D881 /* Extension+UITableView.swift */ = {isa = PBXFileReference; lastKnownFileType = sourcecode.swift; path = "Extension+UITableView.swift"; sourceTree = "<group>"; };
		66606C8025C3206A0070D881 /* Extension+UITableViewCell.swift */ = {isa = PBXFileReference; lastKnownFileType = sourcecode.swift; path = "Extension+UITableViewCell.swift"; sourceTree = "<group>"; };
		66606C8325C320770070D881 /* Extension+UIView.swift */ = {isa = PBXFileReference; lastKnownFileType = sourcecode.swift; path = "Extension+UIView.swift"; sourceTree = "<group>"; };
		66606C8625C320960070D881 /* Extension+UIViewController.swift */ = {isa = PBXFileReference; lastKnownFileType = sourcecode.swift; path = "Extension+UIViewController.swift"; sourceTree = "<group>"; };
/* End PBXFileReference section */

/* Begin PBXFrameworksBuildPhase section */
		66606C4525C31C4A0070D881 /* Frameworks */ = {
			isa = PBXFrameworksBuildPhase;
			buildActionMask = 2147483647;
			files = (
			);
			runOnlyForDeploymentPostprocessing = 0;
		};
/* End PBXFrameworksBuildPhase section */

/* Begin PBXGroup section */
		66606C3F25C31C4A0070D881 = {
			isa = PBXGroup;
			children = (
				66606C4A25C31C4A0070D881 /* Dota 2 Directories */,
				66606C4925C31C4A0070D881 /* Products */,
			);
			sourceTree = "<group>";
		};
		66606C4925C31C4A0070D881 /* Products */ = {
			isa = PBXGroup;
			children = (
				66606C4825C31C4A0070D881 /* Dota 2 Directories.app */,
			);
			name = Products;
			sourceTree = "<group>";
		};
		66606C4A25C31C4A0070D881 /* Dota 2 Directories */ = {
			isa = PBXGroup;
			children = (
				66606C6325C31F100070D881 /* Core */,
				66606C6525C31F410070D881 /* Models */,
				66606C6625C31F4C0070D881 /* Features */,
				66606C4B25C31C4A0070D881 /* AppDelegate.swift */,
				66606C5425C31C4B0070D881 /* Assets.xcassets */,
				66606C5625C31C4B0070D881 /* LaunchScreen.storyboard */,
				66606C5925C31C4B0070D881 /* Info.plist */,
			);
			path = "Dota 2 Directories";
			sourceTree = "<group>";
		};
		66606C6325C31F100070D881 /* Core */ = {
			isa = PBXGroup;
			children = (
				66606C6925C31F6F0070D881 /* Extensions */,
				66606C6825C31F680070D881 /* Network */,
				66606C6725C31F600070D881 /* Routers */,
			);
			path = Core;
			sourceTree = "<group>";
		};
		66606C6525C31F410070D881 /* Models */ = {
			isa = PBXGroup;
			children = (
			);
			path = Models;
			sourceTree = "<group>";
		};
		66606C6625C31F4C0070D881 /* Features */ = {
			isa = PBXGroup;
			children = (
			);
			path = Features;
			sourceTree = "<group>";
		};
		66606C6725C31F600070D881 /* Routers */ = {
			isa = PBXGroup;
			children = (
			);
			path = Routers;
			sourceTree = "<group>";
		};
		66606C6825C31F680070D881 /* Network */ = {
			isa = PBXGroup;
			children = (
			);
			path = Network;
			sourceTree = "<group>";
		};
		66606C6925C31F6F0070D881 /* Extensions */ = {
			isa = PBXGroup;
			children = (
				66606C6E25C31FF40070D881 /* Extension+Codable.swift */,
				66606C7125C3200F0070D881 /* Extension+UIApplication.swift */,
				66606C7425C320240070D881 /* Extension+UICollectionView.swift */,
				66606C7725C320340070D881 /* Extension+UICollectionViewCell.swift */,
				66606C7A25C3204A0070D881 /* Extension+UIImageView.swift */,
				66606C7D25C3205B0070D881 /* Extension+UITableView.swift */,
				66606C8025C3206A0070D881 /* Extension+UITableViewCell.swift */,
				66606C8325C320770070D881 /* Extension+UIView.swift */,
				66606C8625C320960070D881 /* Extension+UIViewController.swift */,
			);
			path = Extensions;
			sourceTree = "<group>";
		};
/* End PBXGroup section */

/* Begin PBXNativeTarget section */
		66606C4725C31C4A0070D881 /* Dota 2 Directories */ = {
			isa = PBXNativeTarget;
			buildConfigurationList = 66606C5C25C31C4B0070D881 /* Build configuration list for PBXNativeTarget "Dota 2 Directories" */;
			buildPhases = (
				66606C4425C31C4A0070D881 /* Sources */,
				66606C4525C31C4A0070D881 /* Frameworks */,
				66606C4625C31C4A0070D881 /* Resources */,
			);
			buildRules = (
			);
			dependencies = (
			);
			name = "Dota 2 Directories";
			productName = "Dota 2 Directories";
			productReference = 66606C4825C31C4A0070D881 /* Dota 2 Directories.app */;
			productType = "com.apple.product-type.application";
		};
/* End PBXNativeTarget section */

/* Begin PBXProject section */
		66606C4025C31C4A0070D881 /* Project object */ = {
			isa = PBXProject;
			attributes = {
				LastSwiftUpdateCheck = 1230;
				LastUpgradeCheck = 1230;
				TargetAttributes = {
					66606C4725C31C4A0070D881 = {
						CreatedOnToolsVersion = 12.3;
					};
				};
			};
			buildConfigurationList = 66606C4325C31C4A0070D881 /* Build configuration list for PBXProject "Dota 2 Directories" */;
			compatibilityVersion = "Xcode 9.3";
			developmentRegion = en;
			hasScannedForEncodings = 0;
			knownRegions = (
				en,
				Base,
			);
			mainGroup = 66606C3F25C31C4A0070D881;
			productRefGroup = 66606C4925C31C4A0070D881 /* Products */;
			projectDirPath = "";
			projectRoot = "";
			targets = (
				66606C4725C31C4A0070D881 /* Dota 2 Directories */,
			);
		};
/* End PBXProject section */

/* Begin PBXResourcesBuildPhase section */
		66606C4625C31C4A0070D881 /* Resources */ = {
			isa = PBXResourcesBuildPhase;
			buildActionMask = 2147483647;
			files = (
				66606C5825C31C4B0070D881 /* LaunchScreen.storyboard in Resources */,
				66606C5525C31C4B0070D881 /* Assets.xcassets in Resources */,
			);
			runOnlyForDeploymentPostprocessing = 0;
		};
/* End PBXResourcesBuildPhase section */

/* Begin PBXSourcesBuildPhase section */
		66606C4425C31C4A0070D881 /* Sources */ = {
			isa = PBXSourcesBuildPhase;
			buildActionMask = 2147483647;
			files = (
				66606C7525C320240070D881 /* Extension+UICollectionView.swift in Sources */,
				66606C7825C320340070D881 /* Extension+UICollectionViewCell.swift in Sources */,
				66606C7E25C3205B0070D881 /* Extension+UITableView.swift in Sources */,
				66606C8125C3206A0070D881 /* Extension+UITableViewCell.swift in Sources */,
				66606C6F25C31FF40070D881 /* Extension+Codable.swift in Sources */,
				66606C7225C3200F0070D881 /* Extension+UIApplication.swift in Sources */,
				66606C7B25C3204A0070D881 /* Extension+UIImageView.swift in Sources */,
				66606C4C25C31C4A0070D881 /* AppDelegate.swift in Sources */,
				66606C8725C320960070D881 /* Extension+UIViewController.swift in Sources */,
				66606C8425C320770070D881 /* Extension+UIView.swift in Sources */,
			);
			runOnlyForDeploymentPostprocessing = 0;
		};
/* End PBXSourcesBuildPhase section */

/* Begin PBXVariantGroup section */
		66606C5625C31C4B0070D881 /* LaunchScreen.storyboard */ = {
			isa = PBXVariantGroup;
			children = (
				66606C5725C31C4B0070D881 /* Base */,
			);
			name = LaunchScreen.storyboard;
			sourceTree = "<group>";
		};
/* End PBXVariantGroup section */

/* Begin XCBuildConfiguration section */
		66606C5A25C31C4B0070D881 /* Debug */ = {
			isa = XCBuildConfiguration;
			buildSettings = {
				ALWAYS_SEARCH_USER_PATHS = NO;
				CLANG_ANALYZER_NONNULL = YES;
				CLANG_ANALYZER_NUMBER_OBJECT_CONVERSION = YES_AGGRESSIVE;
				CLANG_CXX_LANGUAGE_STANDARD = "gnu++14";
				CLANG_CXX_LIBRARY = "libc++";
				CLANG_ENABLE_MODULES = YES;
				CLANG_ENABLE_OBJC_ARC = YES;
				CLANG_ENABLE_OBJC_WEAK = YES;
				CLANG_WARN_BLOCK_CAPTURE_AUTORELEASING = YES;
				CLANG_WARN_BOOL_CONVERSION = YES;
				CLANG_WARN_COMMA = YES;
				CLANG_WARN_CONSTANT_CONVERSION = YES;
				CLANG_WARN_DEPRECATED_OBJC_IMPLEMENTATIONS = YES;
				CLANG_WARN_DIRECT_OBJC_ISA_USAGE = YES_ERROR;
				CLANG_WARN_DOCUMENTATION_COMMENTS = YES;
				CLANG_WARN_EMPTY_BODY = YES;
				CLANG_WARN_ENUM_CONVERSION = YES;
				CLANG_WARN_INFINITE_RECURSION = YES;
				CLANG_WARN_INT_CONVERSION = YES;
				CLANG_WARN_NON_LITERAL_NULL_CONVERSION = YES;
				CLANG_WARN_OBJC_IMPLICIT_RETAIN_SELF = YES;
				CLANG_WARN_OBJC_LITERAL_CONVERSION = YES;
				CLANG_WARN_OBJC_ROOT_CLASS = YES_ERROR;
				CLANG_WARN_QUOTED_INCLUDE_IN_FRAMEWORK_HEADER = YES;
				CLANG_WARN_RANGE_LOOP_ANALYSIS = YES;
				CLANG_WARN_STRICT_PROTOTYPES = YES;
				CLANG_WARN_SUSPICIOUS_MOVE = YES;
				CLANG_WARN_UNGUARDED_AVAILABILITY = YES_AGGRESSIVE;
				CLANG_WARN_UNREACHABLE_CODE = YES;
				CLANG_WARN__DUPLICATE_METHOD_MATCH = YES;
				COPY_PHASE_STRIP = NO;
				DEBUG_INFORMATION_FORMAT = dwarf;
				ENABLE_STRICT_OBJC_MSGSEND = YES;
				ENABLE_TESTABILITY = YES;
				GCC_C_LANGUAGE_STANDARD = gnu11;
				GCC_DYNAMIC_NO_PIC = NO;
				GCC_NO_COMMON_BLOCKS = YES;
				GCC_OPTIMIZATION_LEVEL = 0;
				GCC_PREPROCESSOR_DEFINITIONS = (
					"DEBUG=1",
					"$(inherited)",
				);
				GCC_WARN_64_TO_32_BIT_CONVERSION = YES;
				GCC_WARN_ABOUT_RETURN_TYPE = YES_ERROR;
				GCC_WARN_UNDECLARED_SELECTOR = YES;
				GCC_WARN_UNINITIALIZED_AUTOS = YES_AGGRESSIVE;
				GCC_WARN_UNUSED_FUNCTION = YES;
				GCC_WARN_UNUSED_VARIABLE = YES;
				IPHONEOS_DEPLOYMENT_TARGET = 14.3;
				MTL_ENABLE_DEBUG_INFO = INCLUDE_SOURCE;
				MTL_FAST_MATH = YES;
				ONLY_ACTIVE_ARCH = YES;
				SDKROOT = iphoneos;
				SWIFT_ACTIVE_COMPILATION_CONDITIONS = DEBUG;
				SWIFT_OPTIMIZATION_LEVEL = "-Onone";
			};
			name = Debug;
		};
		66606C5B25C31C4B0070D881 /* Release */ = {
			isa = XCBuildConfiguration;
			buildSettings = {
				ALWAYS_SEARCH_USER_PATHS = NO;
				CLANG_ANALYZER_NONNULL = YES;
				CLANG_ANALYZER_NUMBER_OBJECT_CONVERSION = YES_AGGRESSIVE;
				CLANG_CXX_LANGUAGE_STANDARD = "gnu++14";
				CLANG_CXX_LIBRARY = "libc++";
				CLANG_ENABLE_MODULES = YES;
				CLANG_ENABLE_OBJC_ARC = YES;
				CLANG_ENABLE_OBJC_WEAK = YES;
				CLANG_WARN_BLOCK_CAPTURE_AUTORELEASING = YES;
				CLANG_WARN_BOOL_CONVERSION = YES;
				CLANG_WARN_COMMA = YES;
				CLANG_WARN_CONSTANT_CONVERSION = YES;
				CLANG_WARN_DEPRECATED_OBJC_IMPLEMENTATIONS = YES;
				CLANG_WARN_DIRECT_OBJC_ISA_USAGE = YES_ERROR;
				CLANG_WARN_DOCUMENTATION_COMMENTS = YES;
				CLANG_WARN_EMPTY_BODY = YES;
				CLANG_WARN_ENUM_CONVERSION = YES;
				CLANG_WARN_INFINITE_RECURSION = YES;
				CLANG_WARN_INT_CONVERSION = YES;
				CLANG_WARN_NON_LITERAL_NULL_CONVERSION = YES;
				CLANG_WARN_OBJC_IMPLICIT_RETAIN_SELF = YES;
				CLANG_WARN_OBJC_LITERAL_CONVERSION = YES;
				CLANG_WARN_OBJC_ROOT_CLASS = YES_ERROR;
				CLANG_WARN_QUOTED_INCLUDE_IN_FRAMEWORK_HEADER = YES;
				CLANG_WARN_RANGE_LOOP_ANALYSIS = YES;
				CLANG_WARN_STRICT_PROTOTYPES = YES;
				CLANG_WARN_SUSPICIOUS_MOVE = YES;
				CLANG_WARN_UNGUARDED_AVAILABILITY = YES_AGGRESSIVE;
				CLANG_WARN_UNREACHABLE_CODE = YES;
				CLANG_WARN__DUPLICATE_METHOD_MATCH = YES;
				COPY_PHASE_STRIP = NO;
				DEBUG_INFORMATION_FORMAT = "dwarf-with-dsym";
				ENABLE_NS_ASSERTIONS = NO;
				ENABLE_STRICT_OBJC_MSGSEND = YES;
				GCC_C_LANGUAGE_STANDARD = gnu11;
				GCC_NO_COMMON_BLOCKS = YES;
				GCC_WARN_64_TO_32_BIT_CONVERSION = YES;
				GCC_WARN_ABOUT_RETURN_TYPE = YES_ERROR;
				GCC_WARN_UNDECLARED_SELECTOR = YES;
				GCC_WARN_UNINITIALIZED_AUTOS = YES_AGGRESSIVE;
				GCC_WARN_UNUSED_FUNCTION = YES;
				GCC_WARN_UNUSED_VARIABLE = YES;
				IPHONEOS_DEPLOYMENT_TARGET = 14.3;
				MTL_ENABLE_DEBUG_INFO = NO;
				MTL_FAST_MATH = YES;
				SDKROOT = iphoneos;
				SWIFT_COMPILATION_MODE = wholemodule;
				SWIFT_OPTIMIZATION_LEVEL = "-O";
				VALIDATE_PRODUCT = YES;
			};
			name = Release;
		};
		66606C5D25C31C4B0070D881 /* Debug */ = {
			isa = XCBuildConfiguration;
			buildSettings = {
				ASSETCATALOG_COMPILER_APPICON_NAME = AppIcon;
				ASSETCATALOG_COMPILER_GLOBAL_ACCENT_COLOR_NAME = AccentColor;
				CODE_SIGN_STYLE = Automatic;
				DEVELOPMENT_TEAM = K7658P7TJ5;
				INFOPLIST_FILE = "Dota 2 Directories/Info.plist";
				LD_RUNPATH_SEARCH_PATHS = (
					"$(inherited)",
					"@executable_path/Frameworks",
				);
				PRODUCT_BUNDLE_IDENTIFIER = "private.dota-2-directories";
				PRODUCT_NAME = "$(TARGET_NAME)";
				SWIFT_VERSION = 5.0;
				TARGETED_DEVICE_FAMILY = "1,2";
			};
			name = Debug;
		};
		66606C5E25C31C4B0070D881 /* Release */ = {
			isa = XCBuildConfiguration;
			buildSettings = {
				ASSETCATALOG_COMPILER_APPICON_NAME = AppIcon;
				ASSETCATALOG_COMPILER_GLOBAL_ACCENT_COLOR_NAME = AccentColor;
				CODE_SIGN_STYLE = Automatic;
				DEVELOPMENT_TEAM = K7658P7TJ5;
				INFOPLIST_FILE = "Dota 2 Directories/Info.plist";
				LD_RUNPATH_SEARCH_PATHS = (
					"$(inherited)",
					"@executable_path/Frameworks",
				);
				PRODUCT_BUNDLE_IDENTIFIER = "private.dota-2-directories";
				PRODUCT_NAME = "$(TARGET_NAME)";
				SWIFT_VERSION = 5.0;
				TARGETED_DEVICE_FAMILY = "1,2";
			};
			name = Release;
		};
/* End XCBuildConfiguration section */

/* Begin XCConfigurationList section */
		66606C4325C31C4A0070D881 /* Build configuration list for PBXProject "Dota 2 Directories" */ = {
			isa = XCConfigurationList;
			buildConfigurations = (
				66606C5A25C31C4B0070D881 /* Debug */,
				66606C5B25C31C4B0070D881 /* Release */,
			);
			defaultConfigurationIsVisible = 0;
			defaultConfigurationName = Release;
		};
		66606C5C25C31C4B0070D881 /* Build configuration list for PBXNativeTarget "Dota 2 Directories" */ = {
			isa = XCConfigurationList;
			buildConfigurations = (
				66606C5D25C31C4B0070D881 /* Debug */,
				66606C5E25C31C4B0070D881 /* Release */,
			);
			defaultConfigurationIsVisible = 0;
			defaultConfigurationName = Release;
		};
/* End XCConfigurationList section */
	};
	rootObject = 66606C4025C31C4A0070D881 /* Project object */;
}
