// !$*UTF8*$!
{
	archiveVersion = 1;
	classes = {
	};
	objectVersion = 51;
	objects = {

/* Begin PBXBuildFile section */
		476A966B67C711F22883B312 /* Pods_Dota_2_Directories.framework in Frameworks */ = {isa = PBXBuildFile; fileRef = D3CF6DB4DB7243F64DE2D039 /* Pods_Dota_2_Directories.framework */; };
		663C185725C3ED3B002F5068 /* HeroesItemCollectionCell.swift in Sources */ = {isa = PBXBuildFile; fileRef = 663C185525C3ED3B002F5068 /* HeroesItemCollectionCell.swift */; };
		663C185825C3ED3B002F5068 /* HeroesItemCollectionCell.xib in Resources */ = {isa = PBXBuildFile; fileRef = 663C185625C3ED3B002F5068 /* HeroesItemCollectionCell.xib */; };
		66606C4C25C31C4A0070D881 /* AppDelegate.swift in Sources */ = {isa = PBXBuildFile; fileRef = 66606C4B25C31C4A0070D881 /* AppDelegate.swift */; };
		66606C5525C31C4B0070D881 /* Assets.xcassets in Resources */ = {isa = PBXBuildFile; fileRef = 66606C5425C31C4B0070D881 /* Assets.xcassets */; };
		66606C5825C31C4B0070D881 /* LaunchScreen.storyboard in Resources */ = {isa = PBXBuildFile; fileRef = 66606C5625C31C4B0070D881 /* LaunchScreen.storyboard */; };
		66606C6F25C31FF40070D881 /* Extension+Codable.swift in Sources */ = {isa = PBXBuildFile; fileRef = 66606C6E25C31FF40070D881 /* Extension+Codable.swift */; };
		66606C7225C3200F0070D881 /* Extension+UIApplication.swift in Sources */ = {isa = PBXBuildFile; fileRef = 66606C7125C3200F0070D881 /* Extension+UIApplication.swift */; };
		66606C7525C320240070D881 /* Extension+UICollectionView.swift in Sources */ = {isa = PBXBuildFile; fileRef = 66606C7425C320240070D881 /* Extension+UICollectionView.swift */; };
		66606C7825C320340070D881 /* Extension+UICollectionViewCell.swift in Sources */ = {isa = PBXBuildFile; fileRef = 66606C7725C320340070D881 /* Extension+UICollectionViewCell.swift */; };
		66606C7B25C3204A0070D881 /* Extension+UIImageView.swift in Sources */ = {isa = PBXBuildFile; fileRef = 66606C7A25C3204A0070D881 /* Extension+UIImageView.swift */; };
		66606C7E25C3205B0070D881 /* Extension+UITableView.swift in Sources */ = {isa = PBXBuildFile; fileRef = 66606C7D25C3205B0070D881 /* Extension+UITableView.swift */; };
		66606C8125C3206A0070D881 /* Extension+UITableViewCell.swift in Sources */ = {isa = PBXBuildFile; fileRef = 66606C8025C3206A0070D881 /* Extension+UITableViewCell.swift */; };
		66606C8425C320770070D881 /* Extension+UIView.swift in Sources */ = {isa = PBXBuildFile; fileRef = 66606C8325C320770070D881 /* Extension+UIView.swift */; };
		66606C8725C320960070D881 /* Extension+UIViewController.swift in Sources */ = {isa = PBXBuildFile; fileRef = 66606C8625C320960070D881 /* Extension+UIViewController.swift */; };
		66606C8A25C320ED0070D881 /* EndPoint.swift in Sources */ = {isa = PBXBuildFile; fileRef = 66606C8925C320ED0070D881 /* EndPoint.swift */; };
		66606C8D25C321450070D881 /* HandleError.swift in Sources */ = {isa = PBXBuildFile; fileRef = 66606C8C25C321450070D881 /* HandleError.swift */; };
		66606C9025C321510070D881 /* HTTPMethod.swift in Sources */ = {isa = PBXBuildFile; fileRef = 66606C8F25C321510070D881 /* HTTPMethod.swift */; };
		66606C9325C3215E0070D881 /* HTTPRequest.swift in Sources */ = {isa = PBXBuildFile; fileRef = 66606C9225C3215E0070D881 /* HTTPRequest.swift */; };
		66606C9625C3216C0070D881 /* IRequest.swift in Sources */ = {isa = PBXBuildFile; fileRef = 66606C9525C3216C0070D881 /* IRequest.swift */; };
		66606C9925C3217B0070D881 /* Reachability.swift in Sources */ = {isa = PBXBuildFile; fileRef = 66606C9825C3217B0070D881 /* Reachability.swift */; };
		66606C9C25C321BB0070D881 /* AppRouter.swift in Sources */ = {isa = PBXBuildFile; fileRef = 66606C9B25C321BB0070D881 /* AppRouter.swift */; };
		66606C9F25C321CB0070D881 /* FeatureModule.swift in Sources */ = {isa = PBXBuildFile; fileRef = 66606C9E25C321CB0070D881 /* FeatureModule.swift */; };
		66606CA225C3221D0070D881 /* IModule.swift in Sources */ = {isa = PBXBuildFile; fileRef = 66606CA125C3221D0070D881 /* IModule.swift */; };
		66606CA525C3222B0070D881 /* IRouter.swift in Sources */ = {isa = PBXBuildFile; fileRef = 66606CA425C3222B0070D881 /* IRouter.swift */; };
		66606CA825C322EF0070D881 /* HeroesModels.swift in Sources */ = {isa = PBXBuildFile; fileRef = 66606CA725C322EF0070D881 /* HeroesModels.swift */; };
		66606CAC25C326B30070D881 /* ListHeroesContract.swift in Sources */ = {isa = PBXBuildFile; fileRef = 66606CAB25C326B30070D881 /* ListHeroesContract.swift */; };
		66606CB025C326F10070D881 /* ListHeroesViewModel.swift in Sources */ = {isa = PBXBuildFile; fileRef = 66606CAF25C326F10070D881 /* ListHeroesViewModel.swift */; };
		66606CB325C327180070D881 /* ListHeroesInteractor.swift in Sources */ = {isa = PBXBuildFile; fileRef = 66606CB225C327180070D881 /* ListHeroesInteractor.swift */; };
		66606CB625C327560070D881 /* ListHeroesWireframe.swift in Sources */ = {isa = PBXBuildFile; fileRef = 66606CB525C327560070D881 /* ListHeroesWireframe.swift */; };
		66606CB925C3276B0070D881 /* ListHeroesPresenter.swift in Sources */ = {isa = PBXBuildFile; fileRef = 66606CB825C3276B0070D881 /* ListHeroesPresenter.swift */; };
		66606CBD25C3278E0070D881 /* ListHeroesViewController.swift in Sources */ = {isa = PBXBuildFile; fileRef = 66606CBB25C3278E0070D881 /* ListHeroesViewController.swift */; };
		66606CBE25C3278E0070D881 /* ListHeroesViewController.xib in Resources */ = {isa = PBXBuildFile; fileRef = 66606CBC25C3278E0070D881 /* ListHeroesViewController.xib */; };
		66606CC125C327D60070D881 /* ListHeroesModule.swift in Sources */ = {isa = PBXBuildFile; fileRef = 66606CC025C327D60070D881 /* ListHeroesModule.swift */; };
		66D6A34125C5AE10004EDAEE /* Extension+UIImage.swift in Sources */ = {isa = PBXBuildFile; fileRef = 66D6A34025C5AE10004EDAEE /* Extension+UIImage.swift */; };
		66D6A3AE25C5B1B6004EDAEE /* QuartzCore.framework in Frameworks */ = {isa = PBXBuildFile; fileRef = 66D6A3AD25C5B1B6004EDAEE /* QuartzCore.framework */; };
		66D6A3B025C5B1BE004EDAEE /* CoreGraphics.framework in Frameworks */ = {isa = PBXBuildFile; fileRef = 66D6A3AF25C5B1BE004EDAEE /* CoreGraphics.framework */; };
		66D6A40325C5B8DF004EDAEE /* FilterRolesContract.swift in Sources */ = {isa = PBXBuildFile; fileRef = 66D6A40225C5B8DF004EDAEE /* FilterRolesContract.swift */; };
		66D6A40625C5B986004EDAEE /* FilterRolesViewModel.swift in Sources */ = {isa = PBXBuildFile; fileRef = 66D6A40525C5B986004EDAEE /* FilterRolesViewModel.swift */; };
		66D6A40925C5B9F3004EDAEE /* FilterRolesPresenter.swift in Sources */ = {isa = PBXBuildFile; fileRef = 66D6A40825C5B9F3004EDAEE /* FilterRolesPresenter.swift */; };
		66D6A40D25C5BA60004EDAEE /* FilterRolesViewController.swift in Sources */ = {isa = PBXBuildFile; fileRef = 66D6A40B25C5BA60004EDAEE /* FilterRolesViewController.swift */; };
		66D6A40E25C5BA60004EDAEE /* FilterRolesViewController.xib in Resources */ = {isa = PBXBuildFile; fileRef = 66D6A40C25C5BA60004EDAEE /* FilterRolesViewController.xib */; };
		66D6A41125C5BFE7004EDAEE /* FilterRolesModule.swift in Sources */ = {isa = PBXBuildFile; fileRef = 66D6A41025C5BFE7004EDAEE /* FilterRolesModule.swift */; };
		66D6A41625C5C6CB004EDAEE /* DetailHeroesContract.swift in Sources */ = {isa = PBXBuildFile; fileRef = 66D6A41525C5C6CB004EDAEE /* DetailHeroesContract.swift */; };
		66D6A41925C5C83B004EDAEE /* DetailHeroesViewModel.swift in Sources */ = {isa = PBXBuildFile; fileRef = 66D6A41825C5C83B004EDAEE /* DetailHeroesViewModel.swift */; };
		66D6A41C25C5C891004EDAEE /* DetailHeroesPresenter.swift in Sources */ = {isa = PBXBuildFile; fileRef = 66D6A41B25C5C890004EDAEE /* DetailHeroesPresenter.swift */; };
		66D6A42025C5C9AB004EDAEE /* DetailHeroesViewController.swift in Sources */ = {isa = PBXBuildFile; fileRef = 66D6A41E25C5C9AB004EDAEE /* DetailHeroesViewController.swift */; };
		66D6A42125C5C9AB004EDAEE /* DetailHeroesViewController.xib in Resources */ = {isa = PBXBuildFile; fileRef = 66D6A41F25C5C9AB004EDAEE /* DetailHeroesViewController.xib */; };
		66D6A42425C5CA07004EDAEE /* DetailHeroesModule.swift in Sources */ = {isa = PBXBuildFile; fileRef = 66D6A42325C5CA07004EDAEE /* DetailHeroesModule.swift */; };
/* End PBXBuildFile section */

/* Begin PBXFileReference section */
		24AD10CE502027F1407F7951 /* Pods-Dota 2 Directories.debug.xcconfig */ = {isa = PBXFileReference; includeInIndex = 1; lastKnownFileType = text.xcconfig; name = "Pods-Dota 2 Directories.debug.xcconfig"; path = "Target Support Files/Pods-Dota 2 Directories/Pods-Dota 2 Directories.debug.xcconfig"; sourceTree = "<group>"; };
		2BDDBDE5F52B850769F5A630 /* Pods-Dota 2 Directories.release.xcconfig */ = {isa = PBXFileReference; includeInIndex = 1; lastKnownFileType = text.xcconfig; name = "Pods-Dota 2 Directories.release.xcconfig"; path = "Target Support Files/Pods-Dota 2 Directories/Pods-Dota 2 Directories.release.xcconfig"; sourceTree = "<group>"; };
		663C185525C3ED3B002F5068 /* HeroesItemCollectionCell.swift */ = {isa = PBXFileReference; lastKnownFileType = sourcecode.swift; path = HeroesItemCollectionCell.swift; sourceTree = "<group>"; };
		663C185625C3ED3B002F5068 /* HeroesItemCollectionCell.xib */ = {isa = PBXFileReference; lastKnownFileType = file.xib; path = HeroesItemCollectionCell.xib; sourceTree = "<group>"; };
		66606C4825C31C4A0070D881 /* Dota 2 Directories.app */ = {isa = PBXFileReference; explicitFileType = wrapper.application; includeInIndex = 0; path = "Dota 2 Directories.app"; sourceTree = BUILT_PRODUCTS_DIR; };
		66606C4B25C31C4A0070D881 /* AppDelegate.swift */ = {isa = PBXFileReference; lastKnownFileType = sourcecode.swift; path = AppDelegate.swift; sourceTree = "<group>"; };
		66606C5425C31C4B0070D881 /* Assets.xcassets */ = {isa = PBXFileReference; lastKnownFileType = folder.assetcatalog; path = Assets.xcassets; sourceTree = "<group>"; };
		66606C5725C31C4B0070D881 /* Base */ = {isa = PBXFileReference; lastKnownFileType = file.storyboard; name = Base; path = Base.lproj/LaunchScreen.storyboard; sourceTree = "<group>"; };
		66606C5925C31C4B0070D881 /* Info.plist */ = {isa = PBXFileReference; lastKnownFileType = text.plist.xml; path = Info.plist; sourceTree = "<group>"; };
		66606C6E25C31FF40070D881 /* Extension+Codable.swift */ = {isa = PBXFileReference; lastKnownFileType = sourcecode.swift; path = "Extension+Codable.swift"; sourceTree = "<group>"; };
		66606C7125C3200F0070D881 /* Extension+UIApplication.swift */ = {isa = PBXFileReference; lastKnownFileType = sourcecode.swift; path = "Extension+UIApplication.swift"; sourceTree = "<group>"; };
		66606C7425C320240070D881 /* Extension+UICollectionView.swift */ = {isa = PBXFileReference; lastKnownFileType = sourcecode.swift; path = "Extension+UICollectionView.swift"; sourceTree = "<group>"; };
		66606C7725C320340070D881 /* Extension+UICollectionViewCell.swift */ = {isa = PBXFileReference; lastKnownFileType = sourcecode.swift; path = "Extension+UICollectionViewCell.swift"; sourceTree = "<group>"; };
		66606C7A25C3204A0070D881 /* Extension+UIImageView.swift */ = {isa = PBXFileReference; lastKnownFileType = sourcecode.swift; path = "Extension+UIImageView.swift"; sourceTree = "<group>"; };
		66606C7D25C3205B0070D881 /* Extension+UITableView.swift */ = {isa = PBXFileReference; lastKnownFileType = sourcecode.swift; path = "Extension+UITableView.swift"; sourceTree = "<group>"; };
		66606C8025C3206A0070D881 /* Extension+UITableViewCell.swift */ = {isa = PBXFileReference; lastKnownFileType = sourcecode.swift; path = "Extension+UITableViewCell.swift"; sourceTree = "<group>"; };
		66606C8325C320770070D881 /* Extension+UIView.swift */ = {isa = PBXFileReference; lastKnownFileType = sourcecode.swift; path = "Extension+UIView.swift"; sourceTree = "<group>"; };
		66606C8625C320960070D881 /* Extension+UIViewController.swift */ = {isa = PBXFileReference; lastKnownFileType = sourcecode.swift; path = "Extension+UIViewController.swift"; sourceTree = "<group>"; };
		66606C8925C320ED0070D881 /* EndPoint.swift */ = {isa = PBXFileReference; lastKnownFileType = sourcecode.swift; path = EndPoint.swift; sourceTree = "<group>"; };
		66606C8C25C321450070D881 /* HandleError.swift */ = {isa = PBXFileReference; lastKnownFileType = sourcecode.swift; path = HandleError.swift; sourceTree = "<group>"; };
		66606C8F25C321510070D881 /* HTTPMethod.swift */ = {isa = PBXFileReference; lastKnownFileType = sourcecode.swift; path = HTTPMethod.swift; sourceTree = "<group>"; };
		66606C9225C3215E0070D881 /* HTTPRequest.swift */ = {isa = PBXFileReference; lastKnownFileType = sourcecode.swift; path = HTTPRequest.swift; sourceTree = "<group>"; };
		66606C9525C3216C0070D881 /* IRequest.swift */ = {isa = PBXFileReference; lastKnownFileType = sourcecode.swift; path = IRequest.swift; sourceTree = "<group>"; };
		66606C9825C3217B0070D881 /* Reachability.swift */ = {isa = PBXFileReference; lastKnownFileType = sourcecode.swift; path = Reachability.swift; sourceTree = "<group>"; };
		66606C9B25C321BB0070D881 /* AppRouter.swift */ = {isa = PBXFileReference; lastKnownFileType = sourcecode.swift; path = AppRouter.swift; sourceTree = "<group>"; };
		66606C9E25C321CB0070D881 /* FeatureModule.swift */ = {isa = PBXFileReference; lastKnownFileType = sourcecode.swift; path = FeatureModule.swift; sourceTree = "<group>"; };
		66606CA125C3221D0070D881 /* IModule.swift */ = {isa = PBXFileReference; lastKnownFileType = sourcecode.swift; path = IModule.swift; sourceTree = "<group>"; };
		66606CA425C3222B0070D881 /* IRouter.swift */ = {isa = PBXFileReference; lastKnownFileType = sourcecode.swift; path = IRouter.swift; sourceTree = "<group>"; };
		66606CA725C322EF0070D881 /* HeroesModels.swift */ = {isa = PBXFileReference; lastKnownFileType = sourcecode.swift; path = HeroesModels.swift; sourceTree = "<group>"; };
		66606CAB25C326B30070D881 /* ListHeroesContract.swift */ = {isa = PBXFileReference; lastKnownFileType = sourcecode.swift; path = ListHeroesContract.swift; sourceTree = "<group>"; };
		66606CAF25C326F10070D881 /* ListHeroesViewModel.swift */ = {isa = PBXFileReference; lastKnownFileType = sourcecode.swift; path = ListHeroesViewModel.swift; sourceTree = "<group>"; };
		66606CB225C327180070D881 /* ListHeroesInteractor.swift */ = {isa = PBXFileReference; lastKnownFileType = sourcecode.swift; path = ListHeroesInteractor.swift; sourceTree = "<group>"; };
		66606CB525C327560070D881 /* ListHeroesWireframe.swift */ = {isa = PBXFileReference; lastKnownFileType = sourcecode.swift; path = ListHeroesWireframe.swift; sourceTree = "<group>"; };
		66606CB825C3276B0070D881 /* ListHeroesPresenter.swift */ = {isa = PBXFileReference; lastKnownFileType = sourcecode.swift; path = ListHeroesPresenter.swift; sourceTree = "<group>"; };
		66606CBB25C3278E0070D881 /* ListHeroesViewController.swift */ = {isa = PBXFileReference; lastKnownFileType = sourcecode.swift; path = ListHeroesViewController.swift; sourceTree = "<group>"; };
		66606CBC25C3278E0070D881 /* ListHeroesViewController.xib */ = {isa = PBXFileReference; lastKnownFileType = file.xib; path = ListHeroesViewController.xib; sourceTree = "<group>"; };
		66606CC025C327D60070D881 /* ListHeroesModule.swift */ = {isa = PBXFileReference; lastKnownFileType = sourcecode.swift; path = ListHeroesModule.swift; sourceTree = "<group>"; };
		66D6A34025C5AE10004EDAEE /* Extension+UIImage.swift */ = {isa = PBXFileReference; lastKnownFileType = sourcecode.swift; path = "Extension+UIImage.swift"; sourceTree = "<group>"; };
		66D6A3AD25C5B1B6004EDAEE /* QuartzCore.framework */ = {isa = PBXFileReference; lastKnownFileType = wrapper.framework; name = QuartzCore.framework; path = System/Library/Frameworks/QuartzCore.framework; sourceTree = SDKROOT; };
		66D6A3AF25C5B1BE004EDAEE /* CoreGraphics.framework */ = {isa = PBXFileReference; lastKnownFileType = wrapper.framework; name = CoreGraphics.framework; path = System/Library/Frameworks/CoreGraphics.framework; sourceTree = SDKROOT; };
		66D6A40225C5B8DF004EDAEE /* FilterRolesContract.swift */ = {isa = PBXFileReference; lastKnownFileType = sourcecode.swift; path = FilterRolesContract.swift; sourceTree = "<group>"; };
		66D6A40525C5B986004EDAEE /* FilterRolesViewModel.swift */ = {isa = PBXFileReference; lastKnownFileType = sourcecode.swift; path = FilterRolesViewModel.swift; sourceTree = "<group>"; };
		66D6A40825C5B9F3004EDAEE /* FilterRolesPresenter.swift */ = {isa = PBXFileReference; lastKnownFileType = sourcecode.swift; path = FilterRolesPresenter.swift; sourceTree = "<group>"; };
		66D6A40B25C5BA60004EDAEE /* FilterRolesViewController.swift */ = {isa = PBXFileReference; lastKnownFileType = sourcecode.swift; path = FilterRolesViewController.swift; sourceTree = "<group>"; };
		66D6A40C25C5BA60004EDAEE /* FilterRolesViewController.xib */ = {isa = PBXFileReference; lastKnownFileType = file.xib; path = FilterRolesViewController.xib; sourceTree = "<group>"; };
		66D6A41025C5BFE7004EDAEE /* FilterRolesModule.swift */ = {isa = PBXFileReference; lastKnownFileType = sourcecode.swift; path = FilterRolesModule.swift; sourceTree = "<group>"; };
		66D6A41525C5C6CB004EDAEE /* DetailHeroesContract.swift */ = {isa = PBXFileReference; lastKnownFileType = sourcecode.swift; path = DetailHeroesContract.swift; sourceTree = "<group>"; };
		66D6A41825C5C83B004EDAEE /* DetailHeroesViewModel.swift */ = {isa = PBXFileReference; lastKnownFileType = sourcecode.swift; path = DetailHeroesViewModel.swift; sourceTree = "<group>"; };
		66D6A41B25C5C890004EDAEE /* DetailHeroesPresenter.swift */ = {isa = PBXFileReference; lastKnownFileType = sourcecode.swift; path = DetailHeroesPresenter.swift; sourceTree = "<group>"; };
		66D6A41E25C5C9AB004EDAEE /* DetailHeroesViewController.swift */ = {isa = PBXFileReference; lastKnownFileType = sourcecode.swift; path = DetailHeroesViewController.swift; sourceTree = "<group>"; };
		66D6A41F25C5C9AB004EDAEE /* DetailHeroesViewController.xib */ = {isa = PBXFileReference; lastKnownFileType = file.xib; path = DetailHeroesViewController.xib; sourceTree = "<group>"; };
		66D6A42325C5CA07004EDAEE /* DetailHeroesModule.swift */ = {isa = PBXFileReference; lastKnownFileType = sourcecode.swift; path = DetailHeroesModule.swift; sourceTree = "<group>"; };
		D3CF6DB4DB7243F64DE2D039 /* Pods_Dota_2_Directories.framework */ = {isa = PBXFileReference; explicitFileType = wrapper.framework; includeInIndex = 0; path = Pods_Dota_2_Directories.framework; sourceTree = BUILT_PRODUCTS_DIR; };
/* End PBXFileReference section */

/* Begin PBXFrameworksBuildPhase section */
		66606C4525C31C4A0070D881 /* Frameworks */ = {
			isa = PBXFrameworksBuildPhase;
			buildActionMask = 2147483647;
			files = (
				66D6A3B025C5B1BE004EDAEE /* CoreGraphics.framework in Frameworks */,
				66D6A3AE25C5B1B6004EDAEE /* QuartzCore.framework in Frameworks */,
				476A966B67C711F22883B312 /* Pods_Dota_2_Directories.framework in Frameworks */,
			);
			runOnlyForDeploymentPostprocessing = 0;
		};
/* End PBXFrameworksBuildPhase section */

/* Begin PBXGroup section */
		25CCF418561337D7C60ADBFA /* Frameworks */ = {
			isa = PBXGroup;
			children = (
				66D6A3AF25C5B1BE004EDAEE /* CoreGraphics.framework */,
				66D6A3AD25C5B1B6004EDAEE /* QuartzCore.framework */,
				D3CF6DB4DB7243F64DE2D039 /* Pods_Dota_2_Directories.framework */,
			);
			name = Frameworks;
			sourceTree = "<group>";
		};
		469AE5B78DA3E22148F15437 /* Pods */ = {
			isa = PBXGroup;
			children = (
				24AD10CE502027F1407F7951 /* Pods-Dota 2 Directories.debug.xcconfig */,
				2BDDBDE5F52B850769F5A630 /* Pods-Dota 2 Directories.release.xcconfig */,
			);
			path = Pods;
			sourceTree = "<group>";
		};
		663C185325C3E8A2002F5068 /* Cells */ = {
			isa = PBXGroup;
			children = (
				663C185525C3ED3B002F5068 /* HeroesItemCollectionCell.swift */,
				663C185625C3ED3B002F5068 /* HeroesItemCollectionCell.xib */,
			);
			path = Cells;
			sourceTree = "<group>";
		};
		66606C3F25C31C4A0070D881 = {
			isa = PBXGroup;
			children = (
				66606C4A25C31C4A0070D881 /* Dota 2 Directories */,
				66606C4925C31C4A0070D881 /* Products */,
				469AE5B78DA3E22148F15437 /* Pods */,
				25CCF418561337D7C60ADBFA /* Frameworks */,
			);
			sourceTree = "<group>";
		};
		66606C4925C31C4A0070D881 /* Products */ = {
			isa = PBXGroup;
			children = (
				66606C4825C31C4A0070D881 /* Dota 2 Directories.app */,
			);
			name = Products;
			sourceTree = "<group>";
		};
		66606C4A25C31C4A0070D881 /* Dota 2 Directories */ = {
			isa = PBXGroup;
			children = (
				66606C6325C31F100070D881 /* Core */,
				66606C6525C31F410070D881 /* Models */,
				66606C6625C31F4C0070D881 /* Features */,
				66606C4B25C31C4A0070D881 /* AppDelegate.swift */,
				66606C5425C31C4B0070D881 /* Assets.xcassets */,
				66606C5625C31C4B0070D881 /* LaunchScreen.storyboard */,
				66606C5925C31C4B0070D881 /* Info.plist */,
			);
			path = "Dota 2 Directories";
			sourceTree = "<group>";
		};
		66606C6325C31F100070D881 /* Core */ = {
			isa = PBXGroup;
			children = (
				66606C6925C31F6F0070D881 /* Extensions */,
				66606C6825C31F680070D881 /* Network */,
				66606C6725C31F600070D881 /* Routers */,
			);
			path = Core;
			sourceTree = "<group>";
		};
		66606C6525C31F410070D881 /* Models */ = {
			isa = PBXGroup;
			children = (
				66606CA725C322EF0070D881 /* HeroesModels.swift */,
			);
			path = Models;
			sourceTree = "<group>";
		};
		66606C6625C31F4C0070D881 /* Features */ = {
			isa = PBXGroup;
			children = (
				66606CAA25C326A60070D881 /* List Heroes */,
				66D6A40125C5B8AC004EDAEE /* Filter Roles */,
				66D6A41325C5C415004EDAEE /* Detail Heroes */,
			);
			path = Features;
			sourceTree = "<group>";
		};
		66606C6725C31F600070D881 /* Routers */ = {
			isa = PBXGroup;
			children = (
				66606C9B25C321BB0070D881 /* AppRouter.swift */,
				66606C9E25C321CB0070D881 /* FeatureModule.swift */,
				66606CA125C3221D0070D881 /* IModule.swift */,
				66606CA425C3222B0070D881 /* IRouter.swift */,
			);
			path = Routers;
			sourceTree = "<group>";
		};
		66606C6825C31F680070D881 /* Network */ = {
			isa = PBXGroup;
			children = (
				66606C8925C320ED0070D881 /* EndPoint.swift */,
				66606C8C25C321450070D881 /* HandleError.swift */,
				66606C8F25C321510070D881 /* HTTPMethod.swift */,
				66606C9225C3215E0070D881 /* HTTPRequest.swift */,
				66606C9525C3216C0070D881 /* IRequest.swift */,
				66606C9825C3217B0070D881 /* Reachability.swift */,
			);
			path = Network;
			sourceTree = "<group>";
		};
		66606C6925C31F6F0070D881 /* Extensions */ = {
			isa = PBXGroup;
			children = (
				66606C6E25C31FF40070D881 /* Extension+Codable.swift */,
				66606C7125C3200F0070D881 /* Extension+UIApplication.swift */,
				66606C7425C320240070D881 /* Extension+UICollectionView.swift */,
				66606C7725C320340070D881 /* Extension+UICollectionViewCell.swift */,
				66D6A34025C5AE10004EDAEE /* Extension+UIImage.swift */,
				66606C7A25C3204A0070D881 /* Extension+UIImageView.swift */,
				66606C7D25C3205B0070D881 /* Extension+UITableView.swift */,
				66606C8025C3206A0070D881 /* Extension+UITableViewCell.swift */,
				66606C8325C320770070D881 /* Extension+UIView.swift */,
				66606C8625C320960070D881 /* Extension+UIViewController.swift */,
			);
			path = Extensions;
			sourceTree = "<group>";
		};
		66606CAA25C326A60070D881 /* List Heroes */ = {
			isa = PBXGroup;
			children = (
				663C185325C3E8A2002F5068 /* Cells */,
				66606CAB25C326B30070D881 /* ListHeroesContract.swift */,
				66606CAF25C326F10070D881 /* ListHeroesViewModel.swift */,
				66606CB225C327180070D881 /* ListHeroesInteractor.swift */,
				66606CB525C327560070D881 /* ListHeroesWireframe.swift */,
				66606CB825C3276B0070D881 /* ListHeroesPresenter.swift */,
				66606CBB25C3278E0070D881 /* ListHeroesViewController.swift */,
				66606CBC25C3278E0070D881 /* ListHeroesViewController.xib */,
				66606CC025C327D60070D881 /* ListHeroesModule.swift */,
			);
			path = "List Heroes";
			sourceTree = "<group>";
		};
		66D6A40125C5B8AC004EDAEE /* Filter Roles */ = {
			isa = PBXGroup;
			children = (
				66D6A40225C5B8DF004EDAEE /* FilterRolesContract.swift */,
				66D6A40525C5B986004EDAEE /* FilterRolesViewModel.swift */,
				66D6A40825C5B9F3004EDAEE /* FilterRolesPresenter.swift */,
				66D6A40B25C5BA60004EDAEE /* FilterRolesViewController.swift */,
				66D6A40C25C5BA60004EDAEE /* FilterRolesViewController.xib */,
				66D6A41025C5BFE7004EDAEE /* FilterRolesModule.swift */,
			);
			path = "Filter Roles";
			sourceTree = "<group>";
		};
		66D6A41325C5C415004EDAEE /* Detail Heroes */ = {
			isa = PBXGroup;
			children = (
				66D6A41525C5C6CB004EDAEE /* DetailHeroesContract.swift */,
				66D6A41825C5C83B004EDAEE /* DetailHeroesViewModel.swift */,
				66D6A41B25C5C890004EDAEE /* DetailHeroesPresenter.swift */,
				66D6A41E25C5C9AB004EDAEE /* DetailHeroesViewController.swift */,
				66D6A41F25C5C9AB004EDAEE /* DetailHeroesViewController.xib */,
				66D6A42325C5CA07004EDAEE /* DetailHeroesModule.swift */,
			);
			path = "Detail Heroes";
			sourceTree = "<group>";
		};
/* End PBXGroup section */

/* Begin PBXNativeTarget section */
		66606C4725C31C4A0070D881 /* Dota 2 Directories */ = {
			isa = PBXNativeTarget;
			buildConfigurationList = 66606C5C25C31C4B0070D881 /* Build configuration list for PBXNativeTarget "Dota 2 Directories" */;
			buildPhases = (
				99AC0572FDB4C50D8FDC7D80 /* [CP] Check Pods Manifest.lock */,
				66606C4425C31C4A0070D881 /* Sources */,
				66606C4525C31C4A0070D881 /* Frameworks */,
				66606C4625C31C4A0070D881 /* Resources */,
				F9B53EC9BB4EE726803A0C50 /* [CP] Embed Pods Frameworks */,
			);
			buildRules = (
			);
			dependencies = (
			);
			name = "Dota 2 Directories";
			productName = "Dota 2 Directories";
			productReference = 66606C4825C31C4A0070D881 /* Dota 2 Directories.app */;
			productType = "com.apple.product-type.application";
		};
/* End PBXNativeTarget section */

/* Begin PBXProject section */
		66606C4025C31C4A0070D881 /* Project object */ = {
			isa = PBXProject;
			attributes = {
				LastSwiftUpdateCheck = 1230;
				LastUpgradeCheck = 1230;
				TargetAttributes = {
					66606C4725C31C4A0070D881 = {
						CreatedOnToolsVersion = 12.3;
					};
				};
			};
			buildConfigurationList = 66606C4325C31C4A0070D881 /* Build configuration list for PBXProject "Dota 2 Directories" */;
			compatibilityVersion = "Xcode 9.3";
			developmentRegion = en;
			hasScannedForEncodings = 0;
			knownRegions = (
				en,
				Base,
			);
			mainGroup = 66606C3F25C31C4A0070D881;
			productRefGroup = 66606C4925C31C4A0070D881 /* Products */;
			projectDirPath = "";
			projectRoot = "";
			targets = (
				66606C4725C31C4A0070D881 /* Dota 2 Directories */,
			);
		};
/* End PBXProject section */

/* Begin PBXResourcesBuildPhase section */
		66606C4625C31C4A0070D881 /* Resources */ = {
			isa = PBXResourcesBuildPhase;
			buildActionMask = 2147483647;
			files = (
				66606C5825C31C4B0070D881 /* LaunchScreen.storyboard in Resources */,
				66D6A42125C5C9AB004EDAEE /* DetailHeroesViewController.xib in Resources */,
				66606C5525C31C4B0070D881 /* Assets.xcassets in Resources */,
				66D6A40E25C5BA60004EDAEE /* FilterRolesViewController.xib in Resources */,
				663C185825C3ED3B002F5068 /* HeroesItemCollectionCell.xib in Resources */,
				66606CBE25C3278E0070D881 /* ListHeroesViewController.xib in Resources */,
			);
			runOnlyForDeploymentPostprocessing = 0;
		};
/* End PBXResourcesBuildPhase section */

/* Begin PBXShellScriptBuildPhase section */
		99AC0572FDB4C50D8FDC7D80 /* [CP] Check Pods Manifest.lock */ = {
			isa = PBXShellScriptBuildPhase;
			buildActionMask = 2147483647;
			files = (
			);
			inputFileListPaths = (
			);
			inputPaths = (
				"${PODS_PODFILE_DIR_PATH}/Podfile.lock",
				"${PODS_ROOT}/Manifest.lock",
			);
			name = "[CP] Check Pods Manifest.lock";
			outputFileListPaths = (
			);
			outputPaths = (
				"$(DERIVED_FILE_DIR)/Pods-Dota 2 Directories-checkManifestLockResult.txt",
			);
			runOnlyForDeploymentPostprocessing = 0;
			shellPath = /bin/sh;
			shellScript = "diff \"${PODS_PODFILE_DIR_PATH}/Podfile.lock\" \"${PODS_ROOT}/Manifest.lock\" > /dev/null\nif [ $? != 0 ] ; then\n    # print error to STDERR\n    echo \"error: The sandbox is not in sync with the Podfile.lock. Run 'pod install' or update your CocoaPods installation.\" >&2\n    exit 1\nfi\n# This output is used by Xcode 'outputs' to avoid re-running this script phase.\necho \"SUCCESS\" > \"${SCRIPT_OUTPUT_FILE_0}\"\n";
			showEnvVarsInLog = 0;
		};
		F9B53EC9BB4EE726803A0C50 /* [CP] Embed Pods Frameworks */ = {
			isa = PBXShellScriptBuildPhase;
			buildActionMask = 2147483647;
			files = (
			);
			inputFileListPaths = (
				"${PODS_ROOT}/Target Support Files/Pods-Dota 2 Directories/Pods-Dota 2 Directories-frameworks-${CONFIGURATION}-input-files.xcfilelist",
			);
			name = "[CP] Embed Pods Frameworks";
			outputFileListPaths = (
				"${PODS_ROOT}/Target Support Files/Pods-Dota 2 Directories/Pods-Dota 2 Directories-frameworks-${CONFIGURATION}-output-files.xcfilelist",
			);
			runOnlyForDeploymentPostprocessing = 0;
			shellPath = /bin/sh;
			shellScript = "\"${PODS_ROOT}/Target Support Files/Pods-Dota 2 Directories/Pods-Dota 2 Directories-frameworks.sh\"\n";
			showEnvVarsInLog = 0;
		};
/* End PBXShellScriptBuildPhase section */

/* Begin PBXSourcesBuildPhase section */
		66606C4425C31C4A0070D881 /* Sources */ = {
			isa = PBXSourcesBuildPhase;
			buildActionMask = 2147483647;
			files = (
				66606C7525C320240070D881 /* Extension+UICollectionView.swift in Sources */,
				66606C7825C320340070D881 /* Extension+UICollectionViewCell.swift in Sources */,
				66606C7E25C3205B0070D881 /* Extension+UITableView.swift in Sources */,
				66606C9625C3216C0070D881 /* IRequest.swift in Sources */,
				66D6A41625C5C6CB004EDAEE /* DetailHeroesContract.swift in Sources */,
				66606CA225C3221D0070D881 /* IModule.swift in Sources */,
				66606C8125C3206A0070D881 /* Extension+UITableViewCell.swift in Sources */,
				66D6A41925C5C83B004EDAEE /* DetailHeroesViewModel.swift in Sources */,
				66606CA525C3222B0070D881 /* IRouter.swift in Sources */,
				66606C8A25C320ED0070D881 /* EndPoint.swift in Sources */,
				66D6A42425C5CA07004EDAEE /* DetailHeroesModule.swift in Sources */,
				66D6A40925C5B9F3004EDAEE /* FilterRolesPresenter.swift in Sources */,
				66D6A41125C5BFE7004EDAEE /* FilterRolesModule.swift in Sources */,
				66606C6F25C31FF40070D881 /* Extension+Codable.swift in Sources */,
				66606C8D25C321450070D881 /* HandleError.swift in Sources */,
				66606CB325C327180070D881 /* ListHeroesInteractor.swift in Sources */,
				66606C9F25C321CB0070D881 /* FeatureModule.swift in Sources */,
				66D6A40625C5B986004EDAEE /* FilterRolesViewModel.swift in Sources */,
				66606C7225C3200F0070D881 /* Extension+UIApplication.swift in Sources */,
				663C185725C3ED3B002F5068 /* HeroesItemCollectionCell.swift in Sources */,
				66606CC125C327D60070D881 /* ListHeroesModule.swift in Sources */,
				66606C7B25C3204A0070D881 /* Extension+UIImageView.swift in Sources */,
				66606C4C25C31C4A0070D881 /* AppDelegate.swift in Sources */,
				66606C9025C321510070D881 /* HTTPMethod.swift in Sources */,
				66606C9325C3215E0070D881 /* HTTPRequest.swift in Sources */,
				66606C8725C320960070D881 /* Extension+UIViewController.swift in Sources */,
				66D6A40325C5B8DF004EDAEE /* FilterRolesContract.swift in Sources */,
				66606CB925C3276B0070D881 /* ListHeroesPresenter.swift in Sources */,
				66D6A42025C5C9AB004EDAEE /* DetailHeroesViewController.swift in Sources */,
				66D6A34125C5AE10004EDAEE /* Extension+UIImage.swift in Sources */,
				66606C9925C3217B0070D881 /* Reachability.swift in Sources */,
				66D6A40D25C5BA60004EDAEE /* FilterRolesViewController.swift in Sources */,
				66606C9C25C321BB0070D881 /* AppRouter.swift in Sources */,
				66D6A41C25C5C891004EDAEE /* DetailHeroesPresenter.swift in Sources */,
				66606CB625C327560070D881 /* ListHeroesWireframe.swift in Sources */,
				66606CAC25C326B30070D881 /* ListHeroesContract.swift in Sources */,
				66606CA825C322EF0070D881 /* HeroesModels.swift in Sources */,
				66606C8425C320770070D881 /* Extension+UIView.swift in Sources */,
				66606CB025C326F10070D881 /* ListHeroesViewModel.swift in Sources */,
				66606CBD25C3278E0070D881 /* ListHeroesViewController.swift in Sources */,
			);
			runOnlyForDeploymentPostprocessing = 0;
		};
/* End PBXSourcesBuildPhase section */

/* Begin PBXVariantGroup section */
		66606C5625C31C4B0070D881 /* LaunchScreen.storyboard */ = {
			isa = PBXVariantGroup;
			children = (
				66606C5725C31C4B0070D881 /* Base */,
			);
			name = LaunchScreen.storyboard;
			sourceTree = "<group>";
		};
/* End PBXVariantGroup section */

/* Begin XCBuildConfiguration section */
		66606C5A25C31C4B0070D881 /* Debug */ = {
			isa = XCBuildConfiguration;
			buildSettings = {
				ALWAYS_SEARCH_USER_PATHS = NO;
				CLANG_ANALYZER_NONNULL = YES;
				CLANG_ANALYZER_NUMBER_OBJECT_CONVERSION = YES_AGGRESSIVE;
				CLANG_CXX_LANGUAGE_STANDARD = "gnu++14";
				CLANG_CXX_LIBRARY = "libc++";
				CLANG_ENABLE_MODULES = YES;
				CLANG_ENABLE_OBJC_ARC = YES;
				CLANG_ENABLE_OBJC_WEAK = YES;
				CLANG_WARN_BLOCK_CAPTURE_AUTORELEASING = YES;
				CLANG_WARN_BOOL_CONVERSION = YES;
				CLANG_WARN_COMMA = YES;
				CLANG_WARN_CONSTANT_CONVERSION = YES;
				CLANG_WARN_DEPRECATED_OBJC_IMPLEMENTATIONS = YES;
				CLANG_WARN_DIRECT_OBJC_ISA_USAGE = YES_ERROR;
				CLANG_WARN_DOCUMENTATION_COMMENTS = YES;
				CLANG_WARN_EMPTY_BODY = YES;
				CLANG_WARN_ENUM_CONVERSION = YES;
				CLANG_WARN_INFINITE_RECURSION = YES;
				CLANG_WARN_INT_CONVERSION = YES;
				CLANG_WARN_NON_LITERAL_NULL_CONVERSION = YES;
				CLANG_WARN_OBJC_IMPLICIT_RETAIN_SELF = YES;
				CLANG_WARN_OBJC_LITERAL_CONVERSION = YES;
				CLANG_WARN_OBJC_ROOT_CLASS = YES_ERROR;
				CLANG_WARN_QUOTED_INCLUDE_IN_FRAMEWORK_HEADER = YES;
				CLANG_WARN_RANGE_LOOP_ANALYSIS = YES;
				CLANG_WARN_STRICT_PROTOTYPES = YES;
				CLANG_WARN_SUSPICIOUS_MOVE = YES;
				CLANG_WARN_UNGUARDED_AVAILABILITY = YES_AGGRESSIVE;
				CLANG_WARN_UNREACHABLE_CODE = YES;
				CLANG_WARN__DUPLICATE_METHOD_MATCH = YES;
				COPY_PHASE_STRIP = NO;
				DEBUG_INFORMATION_FORMAT = dwarf;
				ENABLE_STRICT_OBJC_MSGSEND = YES;
				ENABLE_TESTABILITY = YES;
				GCC_C_LANGUAGE_STANDARD = gnu11;
				GCC_DYNAMIC_NO_PIC = NO;
				GCC_NO_COMMON_BLOCKS = YES;
				GCC_OPTIMIZATION_LEVEL = 0;
				GCC_PREPROCESSOR_DEFINITIONS = (
					"DEBUG=1",
					"$(inherited)",
				);
				GCC_WARN_64_TO_32_BIT_CONVERSION = YES;
				GCC_WARN_ABOUT_RETURN_TYPE = YES_ERROR;
				GCC_WARN_UNDECLARED_SELECTOR = YES;
				GCC_WARN_UNINITIALIZED_AUTOS = YES_AGGRESSIVE;
				GCC_WARN_UNUSED_FUNCTION = YES;
				GCC_WARN_UNUSED_VARIABLE = YES;
				IPHONEOS_DEPLOYMENT_TARGET = 14.3;
				MTL_ENABLE_DEBUG_INFO = INCLUDE_SOURCE;
				MTL_FAST_MATH = YES;
				ONLY_ACTIVE_ARCH = YES;
				SDKROOT = iphoneos;
				SWIFT_ACTIVE_COMPILATION_CONDITIONS = DEBUG;
				SWIFT_OPTIMIZATION_LEVEL = "-Onone";
			};
			name = Debug;
		};
		66606C5B25C31C4B0070D881 /* Release */ = {
			isa = XCBuildConfiguration;
			buildSettings = {
				ALWAYS_SEARCH_USER_PATHS = NO;
				CLANG_ANALYZER_NONNULL = YES;
				CLANG_ANALYZER_NUMBER_OBJECT_CONVERSION = YES_AGGRESSIVE;
				CLANG_CXX_LANGUAGE_STANDARD = "gnu++14";
				CLANG_CXX_LIBRARY = "libc++";
				CLANG_ENABLE_MODULES = YES;
				CLANG_ENABLE_OBJC_ARC = YES;
				CLANG_ENABLE_OBJC_WEAK = YES;
				CLANG_WARN_BLOCK_CAPTURE_AUTORELEASING = YES;
				CLANG_WARN_BOOL_CONVERSION = YES;
				CLANG_WARN_COMMA = YES;
				CLANG_WARN_CONSTANT_CONVERSION = YES;
				CLANG_WARN_DEPRECATED_OBJC_IMPLEMENTATIONS = YES;
				CLANG_WARN_DIRECT_OBJC_ISA_USAGE = YES_ERROR;
				CLANG_WARN_DOCUMENTATION_COMMENTS = YES;
				CLANG_WARN_EMPTY_BODY = YES;
				CLANG_WARN_ENUM_CONVERSION = YES;
				CLANG_WARN_INFINITE_RECURSION = YES;
				CLANG_WARN_INT_CONVERSION = YES;
				CLANG_WARN_NON_LITERAL_NULL_CONVERSION = YES;
				CLANG_WARN_OBJC_IMPLICIT_RETAIN_SELF = YES;
				CLANG_WARN_OBJC_LITERAL_CONVERSION = YES;
				CLANG_WARN_OBJC_ROOT_CLASS = YES_ERROR;
				CLANG_WARN_QUOTED_INCLUDE_IN_FRAMEWORK_HEADER = YES;
				CLANG_WARN_RANGE_LOOP_ANALYSIS = YES;
				CLANG_WARN_STRICT_PROTOTYPES = YES;
				CLANG_WARN_SUSPICIOUS_MOVE = YES;
				CLANG_WARN_UNGUARDED_AVAILABILITY = YES_AGGRESSIVE;
				CLANG_WARN_UNREACHABLE_CODE = YES;
				CLANG_WARN__DUPLICATE_METHOD_MATCH = YES;
				COPY_PHASE_STRIP = NO;
				DEBUG_INFORMATION_FORMAT = "dwarf-with-dsym";
				ENABLE_NS_ASSERTIONS = NO;
				ENABLE_STRICT_OBJC_MSGSEND = YES;
				GCC_C_LANGUAGE_STANDARD = gnu11;
				GCC_NO_COMMON_BLOCKS = YES;
				GCC_WARN_64_TO_32_BIT_CONVERSION = YES;
				GCC_WARN_ABOUT_RETURN_TYPE = YES_ERROR;
				GCC_WARN_UNDECLARED_SELECTOR = YES;
				GCC_WARN_UNINITIALIZED_AUTOS = YES_AGGRESSIVE;
				GCC_WARN_UNUSED_FUNCTION = YES;
				GCC_WARN_UNUSED_VARIABLE = YES;
				IPHONEOS_DEPLOYMENT_TARGET = 14.3;
				MTL_ENABLE_DEBUG_INFO = NO;
				MTL_FAST_MATH = YES;
				SDKROOT = iphoneos;
				SWIFT_COMPILATION_MODE = wholemodule;
				SWIFT_OPTIMIZATION_LEVEL = "-O";
				VALIDATE_PRODUCT = YES;
			};
			name = Release;
		};
		66606C5D25C31C4B0070D881 /* Debug */ = {
			isa = XCBuildConfiguration;
			baseConfigurationReference = 24AD10CE502027F1407F7951 /* Pods-Dota 2 Directories.debug.xcconfig */;
			buildSettings = {
				ASSETCATALOG_COMPILER_APPICON_NAME = AppIcon;
				ASSETCATALOG_COMPILER_GLOBAL_ACCENT_COLOR_NAME = AccentColor;
				CODE_SIGN_STYLE = Automatic;
				DEVELOPMENT_TEAM = K7658P7TJ5;
				INFOPLIST_FILE = "Dota 2 Directories/Info.plist";
				LD_RUNPATH_SEARCH_PATHS = (
					"$(inherited)",
					"@executable_path/Frameworks",
				);
				PRODUCT_BUNDLE_IDENTIFIER = "private.dota-2-directories";
				PRODUCT_NAME = "$(TARGET_NAME)";
				SWIFT_OBJC_BRIDGING_HEADER = "";
				SWIFT_VERSION = 5.0;
				TARGETED_DEVICE_FAMILY = "1,2";
			};
			name = Debug;
		};
		66606C5E25C31C4B0070D881 /* Release */ = {
			isa = XCBuildConfiguration;
			baseConfigurationReference = 2BDDBDE5F52B850769F5A630 /* Pods-Dota 2 Directories.release.xcconfig */;
			buildSettings = {
				ASSETCATALOG_COMPILER_APPICON_NAME = AppIcon;
				ASSETCATALOG_COMPILER_GLOBAL_ACCENT_COLOR_NAME = AccentColor;
				CODE_SIGN_STYLE = Automatic;
				DEVELOPMENT_TEAM = K7658P7TJ5;
				INFOPLIST_FILE = "Dota 2 Directories/Info.plist";
				LD_RUNPATH_SEARCH_PATHS = (
					"$(inherited)",
					"@executable_path/Frameworks",
				);
				PRODUCT_BUNDLE_IDENTIFIER = "private.dota-2-directories";
				PRODUCT_NAME = "$(TARGET_NAME)";
				SWIFT_OBJC_BRIDGING_HEADER = "";
				SWIFT_VERSION = 5.0;
				TARGETED_DEVICE_FAMILY = "1,2";
			};
			name = Release;
		};
/* End XCBuildConfiguration section */

/* Begin XCConfigurationList section */
		66606C4325C31C4A0070D881 /* Build configuration list for PBXProject "Dota 2 Directories" */ = {
			isa = XCConfigurationList;
			buildConfigurations = (
				66606C5A25C31C4B0070D881 /* Debug */,
				66606C5B25C31C4B0070D881 /* Release */,
			);
			defaultConfigurationIsVisible = 0;
			defaultConfigurationName = Release;
		};
		66606C5C25C31C4B0070D881 /* Build configuration list for PBXNativeTarget "Dota 2 Directories" */ = {
			isa = XCConfigurationList;
			buildConfigurations = (
				66606C5D25C31C4B0070D881 /* Debug */,
				66606C5E25C31C4B0070D881 /* Release */,
			);
			defaultConfigurationIsVisible = 0;
			defaultConfigurationName = Release;
		};
/* End XCConfigurationList section */
	};
	rootObject = 66606C4025C31C4A0070D881 /* Project object */;
}
